{
  "name": "backend-smart_contract",
  "version": "1.0.0",
  "lockfileVersion": 1,
  "requires": true,
  "dependencies": {
    "openzeppelin-solidity": {
      "version": "4.0.0",
      "resolved": "https://registry.npmjs.org/openzeppelin-solidity/-/openzeppelin-solidity-4.0.0.tgz",
      "integrity": "sha512-m05OqHUXR6oc3pbJcYpFtyAYMwH5Ot0p/RlbKVEDnAuFrNsyjQd5bYyqvf62Jz7JQX/w21LGguyFsDrU38gdYQ=="
    }
  }
}
